
Microsoft Visual Studio Solution File, Format Version 12.00
# Visual Studio Version 17
VisualStudioVersion = 17.11.35327.3
MinimumVisualStudioVersion = 10.0.40219.1
Project("{9A19103F-16F7-4668-BE54-9A1E7A4F7556}") = "KoiPond", "KoiPond.csproj", "{C75704A1-0609-443B-9A7D-751AF3AE9991}"
EndProject
Project("{FAE04EC0-301F-11D3-BF4B-00C04F79EFBC}") = "KoiPond.Repositories", "..\KoiPond.Repositories\KoiPond.Repositories.csproj", "{99D9B419-0E5A-44F5-9B04-4817F924E83C}"
EndProject
Project("{FAE04EC0-301F-11D3-BF4B-00C04F79EFBC}") = "KoiPond.Services", "..\KoiPond.Services\KoiPond.Services.csproj", "{6AB5E024-8D5D-49DA-AAA6-7F489DA5FF6D}"
EndProject
Global
	GlobalSection(SolutionConfigurationPlatforms) = preSolution
		Debug|Any CPU = Debug|Any CPU
		Release|Any CPU = Release|Any CPU
	EndGlobalSection
	GlobalSection(ProjectConfigurationPlatforms) = postSolution
		{C75704A1-0609-443B-9A7D-751AF3AE9991}.Debug|Any CPU.ActiveCfg = Debug|Any CPU
		{C75704A1-0609-443B-9A7D-751AF3AE9991}.Debug|Any CPU.Build.0 = Debug|Any CPU
		{C75704A1-0609-443B-9A7D-751AF3AE9991}.Release|Any CPU.ActiveCfg = Release|Any CPU
		{C75704A1-0609-443B-9A7D-751AF3AE9991}.Release|Any CPU.Build.0 = Release|Any CPU
		{99D9B419-0E5A-44F5-9B04-4817F924E83C}.Debug|Any CPU.ActiveCfg = Debug|Any CPU
		{99D9B419-0E5A-44F5-9B04-4817F924E83C}.Debug|Any CPU.Build.0 = Debug|Any CPU
		{99D9B419-0E5A-44F5-9B04-4817F924E83C}.Release|Any CPU.ActiveCfg = Release|Any CPU
		{99D9B419-0E5A-44F5-9B04-4817F924E83C}.Release|Any CPU.Build.0 = Release|Any CPU
		{6AB5E024-8D5D-49DA-AAA6-7F489DA5FF6D}.Debug|Any CPU.ActiveCfg = Debug|Any CPU
		{6AB5E024-8D5D-49DA-AAA6-7F489DA5FF6D}.Debug|Any CPU.Build.0 = Debug|Any CPU
		{6AB5E024-8D5D-49DA-AAA6-7F489DA5FF6D}.Release|Any CPU.ActiveCfg = Release|Any CPU
		{6AB5E024-8D5D-49DA-AAA6-7F489DA5FF6D}.Release|Any CPU.Build.0 = Release|Any CPU
	EndGlobalSection
	GlobalSection(SolutionProperties) = preSolution
		HideSolutionNode = FALSE
	EndGlobalSection
	GlobalSection(ExtensibilityGlobals) = postSolution
		SolutionGuid = {84AD3F13-2BF5-402D-B1A9-861DC824F12C}
	EndGlobalSection
EndGlobal
